<?xml version="1.0" encoding="utf-8"?>
<Project ToolsVersion="4.0" xmlns="http://schemas.microsoft.com/developer/msbuild/2003">
  <ItemGroup>
    <Filter Include="Source Files">
      <Extensions>cpp;c;cc;cxx;def;odl;idl;hpj;bat;asm;asmx;*</Extensions>
      <UniqueIdentifier>{5f4ff11d-7a0b-4f75-9d79-744ae028cc53}</UniqueIdentifier>
    </Filter>
    <Filter Include="Header Files">
      <Extensions>h;hpp;hxx;hm;inl;inc;xsd</Extensions>
      <UniqueIdentifier>{bd103b81-05b2-440e-84e7-0723d7fe4109}</UniqueIdentifier>
    </Filter>
    <Filter Include="IDL Files">
      <Extensions>idl</Extensions>
      <UniqueIdentifier>{c6318700-1bce-4812-92f1-160881e4c976}</UniqueIdentifier>
    </Filter>
  </ItemGroup>
  <ItemGroup>
    <Midl Include="idl\InjectAudioApoDll.idl">
      <Filter>IDL Files</Filter>
    </Midl>
  </ItemGroup>
  <ItemGroup>
    <ClInclude Include="include\CommonMacros.h">
      <Filter>Header Files</Filter>
    </ClInclude>
    <ClInclude Include="include\InjectAudioApo.h">
      <Filter>Header Files</Filter>
    </ClInclude>
    <ClInclude Include="include\PcmRingBuffer.h">
      <Filter>Header Files</Filter>
    </ClInclude>
    <ClInclude Include="include\Resource.h">
      <Filter>Header Files</Filter>
    </ClInclude>
  </ItemGroup>
  <ItemGroup>
    <ClCompile Include="src\InjectAudioApoDll.cpp">
      <Filter>Source Files</Filter>
    </ClCompile>
    <ClCompile Include="src\InjectAudioApoEFX.cpp">
      <Filter>Source Files</Filter>
    </ClCompile>
  </ItemGroup>
  <ItemGroup>
    <None Include="InjectAudioApoDll.def">
      <Filter>Source Files</Filter>
    </None>
  </ItemGroup>
</Project>